{
  "name": "TeamAgenda-Beta",
  "lockfileVersion": 3,
  "requires": true,
  "packages": {
    "": {
      "dependencies": {
        "@pipedrive/app-extensions-sdk": "^0.13.1"
      }
    },
    "node_modules/@pipedrive/app-extensions-sdk": {
      "version": "0.13.1",
      "resolved": "https://registry.npmjs.org/@pipedrive/app-extensions-sdk/-/app-extensions-sdk-0.13.1.tgz",
      "integrity": "sha512-iy6qc6dRqjtiYLjfjVCc3vXKz68vz2S+dE2xffhI0DuFNtNOHNoUzNDY1RMA/zHyUbnLFxVd9bj9b1hzkOO0+A==",
      "license": "SEE LICENSE IN LICENSE.md"
    }
  }
}
